
Microsoft Visual Studio Solution File, Format Version 12.00
# Visual Studio 15
VisualStudioVersion = 15.0.28307.539
MinimumVisualStudioVersion = 10.0.40219.1
Project("{8BC9CEB8-8B4A-11D0-8D11-00A0C91BC942}") = "OpenMPApplication", "OpenMPApplication\OpenMPApplication.vcxproj", "{D5FF56D2-0CBC-4193-A4D6-532BE237816F}"
EndProject
Global
	GlobalSection(SolutionConfigurationPlatforms) = preSolution
		Debug|x64 = Debug|x64
		Debug|x86 = Debug|x86
		Release|x64 = Release|x64
		Release|x86 = Release|x86
	EndGlobalSection
	GlobalSection(ProjectConfigurationPlatforms) = postSolution
		{D5FF56D2-0CBC-4193-A4D6-532BE237816F}.Debug|x64.ActiveCfg = Debug|x64
		{D5FF56D2-0CBC-4193-A4D6-532BE237816F}.Debug|x64.Build.0 = Debug|x64
		{D5FF56D2-0CBC-4193-A4D6-532BE237816F}.Debug|x86.ActiveCfg = Debug|Win32
		{D5FF56D2-0CBC-4193-A4D6-532BE237816F}.Debug|x86.Build.0 = Debug|Win32
		{D5FF56D2-0CBC-4193-A4D6-532BE237816F}.Release|x64.ActiveCfg = Release|x64
		{D5FF56D2-0CBC-4193-A4D6-532BE237816F}.Release|x64.Build.0 = Release|x64
		{D5FF56D2-0CBC-4193-A4D6-532BE237816F}.Release|x86.ActiveCfg = Release|Win32
		{D5FF56D2-0CBC-4193-A4D6-532BE237816F}.Release|x86.Build.0 = Release|Win32
	EndGlobalSection
	GlobalSection(SolutionProperties) = preSolution
		HideSolutionNode = FALSE
	EndGlobalSection
	GlobalSection(ExtensibilityGlobals) = postSolution
		SolutionGuid = {FA128A80-C229-40BD-BBAF-7E4BB9222A8A}
	EndGlobalSection
EndGlobal
